
Microsoft Visual Studio Solution File, Format Version 12.00
# Visual Studio Version 16
VisualStudioVersion = 16.0.29424.173
MinimumVisualStudioVersion = 10.0.40219.1
Project("{FAE04EC0-301F-11D3-BF4B-00C04F79EFBC}") = "DWC_VoiceAssistent", "DWC_VoiceAssistent\DWC_VoiceAssistent.csproj", "{FE22C4F5-DABB-40B2-A634-339E3CE4F1B1}"
EndProject
Project("{2150E333-8FDC-42A3-9474-1A3956D46DE8}") = "library", "library", "{BA91D6A0-1B8A-40A8-8DED-28B4B8AA25B1}"
EndProject
Project("{2150E333-8FDC-42A3-9474-1A3956D46DE8}") = "todo", "todo", "{A220D02C-ED8C-493A-859F-424968EF440A}"
	ProjectSection(SolutionItems) = preProject
		ToDo.txt = ToDo.txt
	EndProjectSection
EndProject
Project("{2150E333-8FDC-42A3-9474-1A3956D46DE8}") = "plugins", "plugins", "{FB8115E9-E896-43F8-913C-97F54D8DA6A9}"
EndProject
Project("{2150E333-8FDC-42A3-9474-1A3956D46DE8}") = "test", "test", "{4F45F93E-A3FD-4930-A527-3BB1A1461FD0}"
EndProject
Project("{840C416C-B8F3-42BC-B0DD-F6BB14C9F8CB}") = "DWC_VoiceAssistentInstaller", "DWC_VoiceAssistentInstaller\DWC_VoiceAssistentInstaller.aiproj", "{ECBEA7B4-CDF3-4CCA-866F-F2F98D8A0EE0}"
EndProject
Project("{FAE04EC0-301F-11D3-BF4B-00C04F79EFBC}") = "DarkWolfCraftSys", "DarkWolfCraftSys\DarkWolfCraftSys.csproj", "{329A7DFC-8F6D-4F0C-923D-C4EC7DF78247}"
EndProject
Project("{2150E333-8FDC-42A3-9474-1A3956D46DE8}") = "notdone", "notdone", "{3CC495F6-D015-4B2A-99BD-B6E25EBF3980}"
EndProject
Project("{FAE04EC0-301F-11D3-BF4B-00C04F79EFBC}") = "DWC_TEST", "DWC_TEST\DWC_TEST.csproj", "{486CC8D1-BAE3-4D12-B588-CE6807E4D76F}"
EndProject
Project("{FAE04EC0-301F-11D3-BF4B-00C04F79EFBC}") = "DWC_DarkWolf", "DWC_DarkWolf\DWC_DarkWolf.csproj", "{0B100553-F48F-4934-B17B-70526CFC8BD7}"
EndProject
Project("{FAE04EC0-301F-11D3-BF4B-00C04F79EFBC}") = "DWC_Messenger", "DWC_Messenger\DWC_Messenger.csproj", "{F062ED18-5F0D-489A-844F-BE7E0CFE6E64}"
EndProject
Project("{FAE04EC0-301F-11D3-BF4B-00C04F79EFBC}") = "DWC_TEST_Chart", "DWC_TEST_Chart\DWC_TEST_Chart.csproj", "{52C929FC-D477-40AA-AE8D-223F6B8DDBA0}"
EndProject
Project("{FAE04EC0-301F-11D3-BF4B-00C04F79EFBC}") = "DWC_MC_Manager", "DWC_MC_Manager\DWC_MC_Manager.csproj", "{3054A5C3-1612-4800-945A-C6C3717D67FA}"
EndProject
Project("{FAE04EC0-301F-11D3-BF4B-00C04F79EFBC}") = "DWC_ServerTerminal", "DWC_ServerTerminal\DWC_ServerTerminal.csproj", "{4989C862-3227-41FF-AB99-81133FEFB9A9}"
EndProject
Project("{FAE04EC0-301F-11D3-BF4B-00C04F79EFBC}") = "DWC_TrainAndBus", "DWC_TrainAndBus\DWC_TrainAndBus.csproj", "{D34E6083-CD7F-4420-A94F-5A475393AB38}"
EndProject
Project("{FAE04EC0-301F-11D3-BF4B-00C04F79EFBC}") = "DWC_Gasoline", "DWC_Gasoline\DWC_Gasoline.csproj", "{C30D510B-E800-4DDA-9F6F-F9F08986302F}"
EndProject
Project("{FAE04EC0-301F-11D3-BF4B-00C04F79EFBC}") = "DWC_CurrencyConverter", "DWC_CurrencyConverter\DWC_CurrencyConverter.csproj", "{16250EAA-4578-4DC6-BC53-5D554D5AFF64}"
EndProject
Project("{FAE04EC0-301F-11D3-BF4B-00C04F79EFBC}") = "DWC_Weather", "DWC_Weather\DWC_Weather.csproj", "{EEA76103-B409-4BDF-935D-0A341AFB544D}"
EndProject
Project("{FAE04EC0-301F-11D3-BF4B-00C04F79EFBC}") = "DWC_Calculator", "DWC_Calculator\DWC_Calculator.csproj", "{33031655-3CC8-411D-8093-72FF97DDDDF8}"
EndProject
Global
	GlobalSection(SolutionConfigurationPlatforms) = preSolution
		All|Any CPU = All|Any CPU
		All|x64 = All|x64
		All|x86 = All|x86
		Debug|Any CPU = Debug|Any CPU
		Debug|x64 = Debug|x64
		Debug|x86 = Debug|x86
		Release|Any CPU = Release|Any CPU
		Release|x64 = Release|x64
		Release|x86 = Release|x86
	EndGlobalSection
	GlobalSection(ProjectConfigurationPlatforms) = postSolution
		{FE22C4F5-DABB-40B2-A634-339E3CE4F1B1}.All|Any CPU.ActiveCfg = Release|Any CPU
		{FE22C4F5-DABB-40B2-A634-339E3CE4F1B1}.All|Any CPU.Build.0 = Release|Any CPU
		{FE22C4F5-DABB-40B2-A634-339E3CE4F1B1}.All|x64.ActiveCfg = Release|x64
		{FE22C4F5-DABB-40B2-A634-339E3CE4F1B1}.All|x64.Build.0 = Release|x64
		{FE22C4F5-DABB-40B2-A634-339E3CE4F1B1}.All|x86.ActiveCfg = Release|x86
		{FE22C4F5-DABB-40B2-A634-339E3CE4F1B1}.All|x86.Build.0 = Release|x86
		{FE22C4F5-DABB-40B2-A634-339E3CE4F1B1}.Debug|Any CPU.ActiveCfg = Debug|Any CPU
		{FE22C4F5-DABB-40B2-A634-339E3CE4F1B1}.Debug|Any CPU.Build.0 = Debug|Any CPU
		{FE22C4F5-DABB-40B2-A634-339E3CE4F1B1}.Debug|x64.ActiveCfg = Debug|x64
		{FE22C4F5-DABB-40B2-A634-339E3CE4F1B1}.Debug|x64.Build.0 = Debug|x64
		{FE22C4F5-DABB-40B2-A634-339E3CE4F1B1}.Debug|x86.ActiveCfg = Debug|x86
		{FE22C4F5-DABB-40B2-A634-339E3CE4F1B1}.Debug|x86.Build.0 = Debug|x86
		{FE22C4F5-DABB-40B2-A634-339E3CE4F1B1}.Release|Any CPU.ActiveCfg = Release|Any CPU
		{FE22C4F5-DABB-40B2-A634-339E3CE4F1B1}.Release|Any CPU.Build.0 = Release|Any CPU
		{FE22C4F5-DABB-40B2-A634-339E3CE4F1B1}.Release|x64.ActiveCfg = Release|x64
		{FE22C4F5-DABB-40B2-A634-339E3CE4F1B1}.Release|x64.Build.0 = Release|x64
		{FE22C4F5-DABB-40B2-A634-339E3CE4F1B1}.Release|x86.ActiveCfg = Release|x86
		{FE22C4F5-DABB-40B2-A634-339E3CE4F1B1}.Release|x86.Build.0 = Release|x86
		{ECBEA7B4-CDF3-4CCA-866F-F2F98D8A0EE0}.All|Any CPU.ActiveCfg = DefaultBuild
		{ECBEA7B4-CDF3-4CCA-866F-F2F98D8A0EE0}.All|Any CPU.Build.0 = DefaultBuild
		{ECBEA7B4-CDF3-4CCA-866F-F2F98D8A0EE0}.All|x64.ActiveCfg = DefaultBuild
		{ECBEA7B4-CDF3-4CCA-866F-F2F98D8A0EE0}.All|x64.Build.0 = DefaultBuild
		{ECBEA7B4-CDF3-4CCA-866F-F2F98D8A0EE0}.All|x86.ActiveCfg = DefaultBuild
		{ECBEA7B4-CDF3-4CCA-866F-F2F98D8A0EE0}.All|x86.Build.0 = DefaultBuild
		{ECBEA7B4-CDF3-4CCA-866F-F2F98D8A0EE0}.Debug|Any CPU.ActiveCfg = DefaultBuild
		{ECBEA7B4-CDF3-4CCA-866F-F2F98D8A0EE0}.Debug|Any CPU.Build.0 = DefaultBuild
		{ECBEA7B4-CDF3-4CCA-866F-F2F98D8A0EE0}.Debug|x64.ActiveCfg = DefaultBuild
		{ECBEA7B4-CDF3-4CCA-866F-F2F98D8A0EE0}.Debug|x64.Build.0 = DefaultBuild
		{ECBEA7B4-CDF3-4CCA-866F-F2F98D8A0EE0}.Debug|x86.ActiveCfg = DefaultBuild
		{ECBEA7B4-CDF3-4CCA-866F-F2F98D8A0EE0}.Debug|x86.Build.0 = DefaultBuild
		{ECBEA7B4-CDF3-4CCA-866F-F2F98D8A0EE0}.Release|Any CPU.ActiveCfg = DefaultBuild
		{ECBEA7B4-CDF3-4CCA-866F-F2F98D8A0EE0}.Release|Any CPU.Build.0 = DefaultBuild
		{ECBEA7B4-CDF3-4CCA-866F-F2F98D8A0EE0}.Release|x64.ActiveCfg = DefaultBuild
		{ECBEA7B4-CDF3-4CCA-866F-F2F98D8A0EE0}.Release|x64.Build.0 = DefaultBuild
		{ECBEA7B4-CDF3-4CCA-866F-F2F98D8A0EE0}.Release|x86.ActiveCfg = DefaultBuild
		{ECBEA7B4-CDF3-4CCA-866F-F2F98D8A0EE0}.Release|x86.Build.0 = DefaultBuild
		{329A7DFC-8F6D-4F0C-923D-C4EC7DF78247}.All|Any CPU.ActiveCfg = Release|Any CPU
		{329A7DFC-8F6D-4F0C-923D-C4EC7DF78247}.All|Any CPU.Build.0 = Release|Any CPU
		{329A7DFC-8F6D-4F0C-923D-C4EC7DF78247}.All|x64.ActiveCfg = Release|x64
		{329A7DFC-8F6D-4F0C-923D-C4EC7DF78247}.All|x64.Build.0 = Release|x64
		{329A7DFC-8F6D-4F0C-923D-C4EC7DF78247}.All|x86.ActiveCfg = Release|x86
		{329A7DFC-8F6D-4F0C-923D-C4EC7DF78247}.All|x86.Build.0 = Release|x86
		{329A7DFC-8F6D-4F0C-923D-C4EC7DF78247}.Debug|Any CPU.ActiveCfg = Debug|Any CPU
		{329A7DFC-8F6D-4F0C-923D-C4EC7DF78247}.Debug|Any CPU.Build.0 = Debug|Any CPU
		{329A7DFC-8F6D-4F0C-923D-C4EC7DF78247}.Debug|x64.ActiveCfg = Debug|x64
		{329A7DFC-8F6D-4F0C-923D-C4EC7DF78247}.Debug|x64.Build.0 = Debug|x64
		{329A7DFC-8F6D-4F0C-923D-C4EC7DF78247}.Debug|x86.ActiveCfg = Debug|x86
		{329A7DFC-8F6D-4F0C-923D-C4EC7DF78247}.Debug|x86.Build.0 = Debug|x86
		{329A7DFC-8F6D-4F0C-923D-C4EC7DF78247}.Release|Any CPU.ActiveCfg = Release|Any CPU
		{329A7DFC-8F6D-4F0C-923D-C4EC7DF78247}.Release|Any CPU.Build.0 = Release|Any CPU
		{329A7DFC-8F6D-4F0C-923D-C4EC7DF78247}.Release|x64.ActiveCfg = Release|x64
		{329A7DFC-8F6D-4F0C-923D-C4EC7DF78247}.Release|x64.Build.0 = Release|x64
		{329A7DFC-8F6D-4F0C-923D-C4EC7DF78247}.Release|x86.ActiveCfg = Release|x86
		{329A7DFC-8F6D-4F0C-923D-C4EC7DF78247}.Release|x86.Build.0 = Release|x86
		{486CC8D1-BAE3-4D12-B588-CE6807E4D76F}.All|Any CPU.ActiveCfg = Release|Any CPU
		{486CC8D1-BAE3-4D12-B588-CE6807E4D76F}.All|Any CPU.Build.0 = Release|Any CPU
		{486CC8D1-BAE3-4D12-B588-CE6807E4D76F}.All|x64.ActiveCfg = Release|x64
		{486CC8D1-BAE3-4D12-B588-CE6807E4D76F}.All|x64.Build.0 = Release|x64
		{486CC8D1-BAE3-4D12-B588-CE6807E4D76F}.All|x86.ActiveCfg = Release|x86
		{486CC8D1-BAE3-4D12-B588-CE6807E4D76F}.All|x86.Build.0 = Release|x86
		{486CC8D1-BAE3-4D12-B588-CE6807E4D76F}.Debug|Any CPU.ActiveCfg = Debug|Any CPU
		{486CC8D1-BAE3-4D12-B588-CE6807E4D76F}.Debug|Any CPU.Build.0 = Debug|Any CPU
		{486CC8D1-BAE3-4D12-B588-CE6807E4D76F}.Debug|x64.ActiveCfg = Debug|x64
		{486CC8D1-BAE3-4D12-B588-CE6807E4D76F}.Debug|x64.Build.0 = Debug|x64
		{486CC8D1-BAE3-4D12-B588-CE6807E4D76F}.Debug|x86.ActiveCfg = Debug|x86
		{486CC8D1-BAE3-4D12-B588-CE6807E4D76F}.Debug|x86.Build.0 = Debug|x86
		{486CC8D1-BAE3-4D12-B588-CE6807E4D76F}.Release|Any CPU.ActiveCfg = Release|Any CPU
		{486CC8D1-BAE3-4D12-B588-CE6807E4D76F}.Release|Any CPU.Build.0 = Release|Any CPU
		{486CC8D1-BAE3-4D12-B588-CE6807E4D76F}.Release|x64.ActiveCfg = Release|x64
		{486CC8D1-BAE3-4D12-B588-CE6807E4D76F}.Release|x64.Build.0 = Release|x64
		{486CC8D1-BAE3-4D12-B588-CE6807E4D76F}.Release|x86.ActiveCfg = Release|x86
		{486CC8D1-BAE3-4D12-B588-CE6807E4D76F}.Release|x86.Build.0 = Release|x86
		{0B100553-F48F-4934-B17B-70526CFC8BD7}.All|Any CPU.ActiveCfg = Release|Any CPU
		{0B100553-F48F-4934-B17B-70526CFC8BD7}.All|Any CPU.Build.0 = Release|Any CPU
		{0B100553-F48F-4934-B17B-70526CFC8BD7}.All|x64.ActiveCfg = Release|x64
		{0B100553-F48F-4934-B17B-70526CFC8BD7}.All|x64.Build.0 = Release|x64
		{0B100553-F48F-4934-B17B-70526CFC8BD7}.All|x86.ActiveCfg = Release|x86
		{0B100553-F48F-4934-B17B-70526CFC8BD7}.All|x86.Build.0 = Release|x86
		{0B100553-F48F-4934-B17B-70526CFC8BD7}.Debug|Any CPU.ActiveCfg = Debug|Any CPU
		{0B100553-F48F-4934-B17B-70526CFC8BD7}.Debug|Any CPU.Build.0 = Debug|Any CPU
		{0B100553-F48F-4934-B17B-70526CFC8BD7}.Debug|x64.ActiveCfg = Debug|x64
		{0B100553-F48F-4934-B17B-70526CFC8BD7}.Debug|x64.Build.0 = Debug|x64
		{0B100553-F48F-4934-B17B-70526CFC8BD7}.Debug|x86.ActiveCfg = Debug|x86
		{0B100553-F48F-4934-B17B-70526CFC8BD7}.Debug|x86.Build.0 = Debug|x86
		{0B100553-F48F-4934-B17B-70526CFC8BD7}.Release|Any CPU.ActiveCfg = Release|Any CPU
		{0B100553-F48F-4934-B17B-70526CFC8BD7}.Release|Any CPU.Build.0 = Release|Any CPU
		{0B100553-F48F-4934-B17B-70526CFC8BD7}.Release|x64.ActiveCfg = Release|x64
		{0B100553-F48F-4934-B17B-70526CFC8BD7}.Release|x64.Build.0 = Release|x64
		{0B100553-F48F-4934-B17B-70526CFC8BD7}.Release|x86.ActiveCfg = Release|x86
		{0B100553-F48F-4934-B17B-70526CFC8BD7}.Release|x86.Build.0 = Release|x86
		{F062ED18-5F0D-489A-844F-BE7E0CFE6E64}.All|Any CPU.ActiveCfg = Release|Any CPU
		{F062ED18-5F0D-489A-844F-BE7E0CFE6E64}.All|Any CPU.Build.0 = Release|Any CPU
		{F062ED18-5F0D-489A-844F-BE7E0CFE6E64}.All|x64.ActiveCfg = Release|x64
		{F062ED18-5F0D-489A-844F-BE7E0CFE6E64}.All|x64.Build.0 = Release|x64
		{F062ED18-5F0D-489A-844F-BE7E0CFE6E64}.All|x86.ActiveCfg = Release|x86
		{F062ED18-5F0D-489A-844F-BE7E0CFE6E64}.All|x86.Build.0 = Release|x86
		{F062ED18-5F0D-489A-844F-BE7E0CFE6E64}.Debug|Any CPU.ActiveCfg = Debug|Any CPU
		{F062ED18-5F0D-489A-844F-BE7E0CFE6E64}.Debug|Any CPU.Build.0 = Debug|Any CPU
		{F062ED18-5F0D-489A-844F-BE7E0CFE6E64}.Debug|x64.ActiveCfg = Debug|x64
		{F062ED18-5F0D-489A-844F-BE7E0CFE6E64}.Debug|x64.Build.0 = Debug|x64
		{F062ED18-5F0D-489A-844F-BE7E0CFE6E64}.Debug|x86.ActiveCfg = Debug|x86
		{F062ED18-5F0D-489A-844F-BE7E0CFE6E64}.Debug|x86.Build.0 = Debug|x86
		{F062ED18-5F0D-489A-844F-BE7E0CFE6E64}.Release|Any CPU.ActiveCfg = Release|Any CPU
		{F062ED18-5F0D-489A-844F-BE7E0CFE6E64}.Release|Any CPU.Build.0 = Release|Any CPU
		{F062ED18-5F0D-489A-844F-BE7E0CFE6E64}.Release|x64.ActiveCfg = Release|x64
		{F062ED18-5F0D-489A-844F-BE7E0CFE6E64}.Release|x64.Build.0 = Release|x64
		{F062ED18-5F0D-489A-844F-BE7E0CFE6E64}.Release|x86.ActiveCfg = Release|x86
		{F062ED18-5F0D-489A-844F-BE7E0CFE6E64}.Release|x86.Build.0 = Release|x86
		{52C929FC-D477-40AA-AE8D-223F6B8DDBA0}.All|Any CPU.ActiveCfg = Release|Any CPU
		{52C929FC-D477-40AA-AE8D-223F6B8DDBA0}.All|Any CPU.Build.0 = Release|Any CPU
		{52C929FC-D477-40AA-AE8D-223F6B8DDBA0}.All|x64.ActiveCfg = Release|x64
		{52C929FC-D477-40AA-AE8D-223F6B8DDBA0}.All|x64.Build.0 = Release|x64
		{52C929FC-D477-40AA-AE8D-223F6B8DDBA0}.All|x86.ActiveCfg = Release|x86
		{52C929FC-D477-40AA-AE8D-223F6B8DDBA0}.All|x86.Build.0 = Release|x86
		{52C929FC-D477-40AA-AE8D-223F6B8DDBA0}.Debug|Any CPU.ActiveCfg = Debug|Any CPU
		{52C929FC-D477-40AA-AE8D-223F6B8DDBA0}.Debug|Any CPU.Build.0 = Debug|Any CPU
		{52C929FC-D477-40AA-AE8D-223F6B8DDBA0}.Debug|x64.ActiveCfg = Debug|x64
		{52C929FC-D477-40AA-AE8D-223F6B8DDBA0}.Debug|x64.Build.0 = Debug|x64
		{52C929FC-D477-40AA-AE8D-223F6B8DDBA0}.Debug|x86.ActiveCfg = Debug|x86
		{52C929FC-D477-40AA-AE8D-223F6B8DDBA0}.Debug|x86.Build.0 = Debug|x86
		{52C929FC-D477-40AA-AE8D-223F6B8DDBA0}.Release|Any CPU.ActiveCfg = Release|Any CPU
		{52C929FC-D477-40AA-AE8D-223F6B8DDBA0}.Release|Any CPU.Build.0 = Release|Any CPU
		{52C929FC-D477-40AA-AE8D-223F6B8DDBA0}.Release|x64.ActiveCfg = Release|x64
		{52C929FC-D477-40AA-AE8D-223F6B8DDBA0}.Release|x64.Build.0 = Release|x64
		{52C929FC-D477-40AA-AE8D-223F6B8DDBA0}.Release|x86.ActiveCfg = Release|x86
		{52C929FC-D477-40AA-AE8D-223F6B8DDBA0}.Release|x86.Build.0 = Release|x86
		{3054A5C3-1612-4800-945A-C6C3717D67FA}.All|Any CPU.ActiveCfg = Release|Any CPU
		{3054A5C3-1612-4800-945A-C6C3717D67FA}.All|Any CPU.Build.0 = Release|Any CPU
		{3054A5C3-1612-4800-945A-C6C3717D67FA}.All|x64.ActiveCfg = Release|x64
		{3054A5C3-1612-4800-945A-C6C3717D67FA}.All|x64.Build.0 = Release|x64
		{3054A5C3-1612-4800-945A-C6C3717D67FA}.All|x86.ActiveCfg = Release|x86
		{3054A5C3-1612-4800-945A-C6C3717D67FA}.All|x86.Build.0 = Release|x86
		{3054A5C3-1612-4800-945A-C6C3717D67FA}.Debug|Any CPU.ActiveCfg = Debug|Any CPU
		{3054A5C3-1612-4800-945A-C6C3717D67FA}.Debug|Any CPU.Build.0 = Debug|Any CPU
		{3054A5C3-1612-4800-945A-C6C3717D67FA}.Debug|x64.ActiveCfg = Debug|x64
		{3054A5C3-1612-4800-945A-C6C3717D67FA}.Debug|x64.Build.0 = Debug|x64
		{3054A5C3-1612-4800-945A-C6C3717D67FA}.Debug|x86.ActiveCfg = Debug|x86
		{3054A5C3-1612-4800-945A-C6C3717D67FA}.Debug|x86.Build.0 = Debug|x86
		{3054A5C3-1612-4800-945A-C6C3717D67FA}.Release|Any CPU.ActiveCfg = Release|Any CPU
		{3054A5C3-1612-4800-945A-C6C3717D67FA}.Release|Any CPU.Build.0 = Release|Any CPU
		{3054A5C3-1612-4800-945A-C6C3717D67FA}.Release|x64.ActiveCfg = Release|x64
		{3054A5C3-1612-4800-945A-C6C3717D67FA}.Release|x64.Build.0 = Release|x64
		{3054A5C3-1612-4800-945A-C6C3717D67FA}.Release|x86.ActiveCfg = Release|x86
		{3054A5C3-1612-4800-945A-C6C3717D67FA}.Release|x86.Build.0 = Release|x86
		{4989C862-3227-41FF-AB99-81133FEFB9A9}.All|Any CPU.ActiveCfg = Release|Any CPU
		{4989C862-3227-41FF-AB99-81133FEFB9A9}.All|Any CPU.Build.0 = Release|Any CPU
		{4989C862-3227-41FF-AB99-81133FEFB9A9}.All|x64.ActiveCfg = Release|x64
		{4989C862-3227-41FF-AB99-81133FEFB9A9}.All|x64.Build.0 = Release|x64
		{4989C862-3227-41FF-AB99-81133FEFB9A9}.All|x86.ActiveCfg = Release|x86
		{4989C862-3227-41FF-AB99-81133FEFB9A9}.All|x86.Build.0 = Release|x86
		{4989C862-3227-41FF-AB99-81133FEFB9A9}.Debug|Any CPU.ActiveCfg = Debug|Any CPU
		{4989C862-3227-41FF-AB99-81133FEFB9A9}.Debug|Any CPU.Build.0 = Debug|Any CPU
		{4989C862-3227-41FF-AB99-81133FEFB9A9}.Debug|x64.ActiveCfg = Debug|x64
		{4989C862-3227-41FF-AB99-81133FEFB9A9}.Debug|x64.Build.0 = Debug|x64
		{4989C862-3227-41FF-AB99-81133FEFB9A9}.Debug|x86.ActiveCfg = Debug|x86
		{4989C862-3227-41FF-AB99-81133FEFB9A9}.Debug|x86.Build.0 = Debug|x86
		{4989C862-3227-41FF-AB99-81133FEFB9A9}.Release|Any CPU.ActiveCfg = Release|Any CPU
		{4989C862-3227-41FF-AB99-81133FEFB9A9}.Release|Any CPU.Build.0 = Release|Any CPU
		{4989C862-3227-41FF-AB99-81133FEFB9A9}.Release|x64.ActiveCfg = Release|x64
		{4989C862-3227-41FF-AB99-81133FEFB9A9}.Release|x64.Build.0 = Release|x64
		{4989C862-3227-41FF-AB99-81133FEFB9A9}.Release|x86.ActiveCfg = Release|x86
		{4989C862-3227-41FF-AB99-81133FEFB9A9}.Release|x86.Build.0 = Release|x86
		{D34E6083-CD7F-4420-A94F-5A475393AB38}.All|Any CPU.ActiveCfg = Release|Any CPU
		{D34E6083-CD7F-4420-A94F-5A475393AB38}.All|Any CPU.Build.0 = Release|Any CPU
		{D34E6083-CD7F-4420-A94F-5A475393AB38}.All|x64.ActiveCfg = Release|x64
		{D34E6083-CD7F-4420-A94F-5A475393AB38}.All|x64.Build.0 = Release|x64
		{D34E6083-CD7F-4420-A94F-5A475393AB38}.All|x86.ActiveCfg = Release|x86
		{D34E6083-CD7F-4420-A94F-5A475393AB38}.All|x86.Build.0 = Release|x86
		{D34E6083-CD7F-4420-A94F-5A475393AB38}.Debug|Any CPU.ActiveCfg = Debug|Any CPU
		{D34E6083-CD7F-4420-A94F-5A475393AB38}.Debug|Any CPU.Build.0 = Debug|Any CPU
		{D34E6083-CD7F-4420-A94F-5A475393AB38}.Debug|x64.ActiveCfg = Debug|x64
		{D34E6083-CD7F-4420-A94F-5A475393AB38}.Debug|x64.Build.0 = Debug|x64
		{D34E6083-CD7F-4420-A94F-5A475393AB38}.Debug|x86.ActiveCfg = Debug|x86
		{D34E6083-CD7F-4420-A94F-5A475393AB38}.Debug|x86.Build.0 = Debug|x86
		{D34E6083-CD7F-4420-A94F-5A475393AB38}.Release|Any CPU.ActiveCfg = Release|Any CPU
		{D34E6083-CD7F-4420-A94F-5A475393AB38}.Release|Any CPU.Build.0 = Release|Any CPU
		{D34E6083-CD7F-4420-A94F-5A475393AB38}.Release|x64.ActiveCfg = Release|x64
		{D34E6083-CD7F-4420-A94F-5A475393AB38}.Release|x64.Build.0 = Release|x64
		{D34E6083-CD7F-4420-A94F-5A475393AB38}.Release|x86.ActiveCfg = Release|x86
		{D34E6083-CD7F-4420-A94F-5A475393AB38}.Release|x86.Build.0 = Release|x86
		{C30D510B-E800-4DDA-9F6F-F9F08986302F}.All|Any CPU.ActiveCfg = Release|Any CPU
		{C30D510B-E800-4DDA-9F6F-F9F08986302F}.All|Any CPU.Build.0 = Release|Any CPU
		{C30D510B-E800-4DDA-9F6F-F9F08986302F}.All|x64.ActiveCfg = Release|x64
		{C30D510B-E800-4DDA-9F6F-F9F08986302F}.All|x64.Build.0 = Release|x64
		{C30D510B-E800-4DDA-9F6F-F9F08986302F}.All|x86.ActiveCfg = Release|x86
		{C30D510B-E800-4DDA-9F6F-F9F08986302F}.All|x86.Build.0 = Release|x86
		{C30D510B-E800-4DDA-9F6F-F9F08986302F}.Debug|Any CPU.ActiveCfg = Debug|Any CPU
		{C30D510B-E800-4DDA-9F6F-F9F08986302F}.Debug|Any CPU.Build.0 = Debug|Any CPU
		{C30D510B-E800-4DDA-9F6F-F9F08986302F}.Debug|x64.ActiveCfg = Debug|x64
		{C30D510B-E800-4DDA-9F6F-F9F08986302F}.Debug|x64.Build.0 = Debug|x64
		{C30D510B-E800-4DDA-9F6F-F9F08986302F}.Debug|x86.ActiveCfg = Debug|x86
		{C30D510B-E800-4DDA-9F6F-F9F08986302F}.Debug|x86.Build.0 = Debug|x86
		{C30D510B-E800-4DDA-9F6F-F9F08986302F}.Release|Any CPU.ActiveCfg = Release|Any CPU
		{C30D510B-E800-4DDA-9F6F-F9F08986302F}.Release|Any CPU.Build.0 = Release|Any CPU
		{C30D510B-E800-4DDA-9F6F-F9F08986302F}.Release|x64.ActiveCfg = Release|x64
		{C30D510B-E800-4DDA-9F6F-F9F08986302F}.Release|x64.Build.0 = Release|x64
		{C30D510B-E800-4DDA-9F6F-F9F08986302F}.Release|x86.ActiveCfg = Release|x86
		{C30D510B-E800-4DDA-9F6F-F9F08986302F}.Release|x86.Build.0 = Release|x86
		{16250EAA-4578-4DC6-BC53-5D554D5AFF64}.All|Any CPU.ActiveCfg = Release|Any CPU
		{16250EAA-4578-4DC6-BC53-5D554D5AFF64}.All|Any CPU.Build.0 = Release|Any CPU
		{16250EAA-4578-4DC6-BC53-5D554D5AFF64}.All|x64.ActiveCfg = Release|x64
		{16250EAA-4578-4DC6-BC53-5D554D5AFF64}.All|x64.Build.0 = Release|x64
		{16250EAA-4578-4DC6-BC53-5D554D5AFF64}.All|x86.ActiveCfg = Release|x86
		{16250EAA-4578-4DC6-BC53-5D554D5AFF64}.All|x86.Build.0 = Release|x86
		{16250EAA-4578-4DC6-BC53-5D554D5AFF64}.Debug|Any CPU.ActiveCfg = Debug|Any CPU
		{16250EAA-4578-4DC6-BC53-5D554D5AFF64}.Debug|Any CPU.Build.0 = Debug|Any CPU
		{16250EAA-4578-4DC6-BC53-5D554D5AFF64}.Debug|x64.ActiveCfg = Debug|x64
		{16250EAA-4578-4DC6-BC53-5D554D5AFF64}.Debug|x64.Build.0 = Debug|x64
		{16250EAA-4578-4DC6-BC53-5D554D5AFF64}.Debug|x86.ActiveCfg = Debug|x86
		{16250EAA-4578-4DC6-BC53-5D554D5AFF64}.Debug|x86.Build.0 = Debug|x86
		{16250EAA-4578-4DC6-BC53-5D554D5AFF64}.Release|Any CPU.ActiveCfg = Release|Any CPU
		{16250EAA-4578-4DC6-BC53-5D554D5AFF64}.Release|Any CPU.Build.0 = Release|Any CPU
		{16250EAA-4578-4DC6-BC53-5D554D5AFF64}.Release|x64.ActiveCfg = Release|x64
		{16250EAA-4578-4DC6-BC53-5D554D5AFF64}.Release|x64.Build.0 = Release|x64
		{16250EAA-4578-4DC6-BC53-5D554D5AFF64}.Release|x86.ActiveCfg = Release|x86
		{16250EAA-4578-4DC6-BC53-5D554D5AFF64}.Release|x86.Build.0 = Release|x86
		{EEA76103-B409-4BDF-935D-0A341AFB544D}.All|Any CPU.ActiveCfg = Release|Any CPU
		{EEA76103-B409-4BDF-935D-0A341AFB544D}.All|Any CPU.Build.0 = Release|Any CPU
		{EEA76103-B409-4BDF-935D-0A341AFB544D}.All|x64.ActiveCfg = Release|x64
		{EEA76103-B409-4BDF-935D-0A341AFB544D}.All|x64.Build.0 = Release|x64
		{EEA76103-B409-4BDF-935D-0A341AFB544D}.All|x86.ActiveCfg = Release|x86
		{EEA76103-B409-4BDF-935D-0A341AFB544D}.All|x86.Build.0 = Release|x86
		{EEA76103-B409-4BDF-935D-0A341AFB544D}.Debug|Any CPU.ActiveCfg = Debug|Any CPU
		{EEA76103-B409-4BDF-935D-0A341AFB544D}.Debug|Any CPU.Build.0 = Debug|Any CPU
		{EEA76103-B409-4BDF-935D-0A341AFB544D}.Debug|x64.ActiveCfg = Debug|x64
		{EEA76103-B409-4BDF-935D-0A341AFB544D}.Debug|x64.Build.0 = Debug|x64
		{EEA76103-B409-4BDF-935D-0A341AFB544D}.Debug|x86.ActiveCfg = Debug|x86
		{EEA76103-B409-4BDF-935D-0A341AFB544D}.Debug|x86.Build.0 = Debug|x86
		{EEA76103-B409-4BDF-935D-0A341AFB544D}.Release|Any CPU.ActiveCfg = Release|Any CPU
		{EEA76103-B409-4BDF-935D-0A341AFB544D}.Release|Any CPU.Build.0 = Release|Any CPU
		{EEA76103-B409-4BDF-935D-0A341AFB544D}.Release|x64.ActiveCfg = Release|x64
		{EEA76103-B409-4BDF-935D-0A341AFB544D}.Release|x64.Build.0 = Release|x64
		{EEA76103-B409-4BDF-935D-0A341AFB544D}.Release|x86.ActiveCfg = Release|x86
		{EEA76103-B409-4BDF-935D-0A341AFB544D}.Release|x86.Build.0 = Release|x86
		{33031655-3CC8-411D-8093-72FF97DDDDF8}.All|Any CPU.ActiveCfg = Release|Any CPU
		{33031655-3CC8-411D-8093-72FF97DDDDF8}.All|Any CPU.Build.0 = Release|Any CPU
		{33031655-3CC8-411D-8093-72FF97DDDDF8}.All|x64.ActiveCfg = Release|x64
		{33031655-3CC8-411D-8093-72FF97DDDDF8}.All|x64.Build.0 = Release|x64
		{33031655-3CC8-411D-8093-72FF97DDDDF8}.All|x86.ActiveCfg = Release|x86
		{33031655-3CC8-411D-8093-72FF97DDDDF8}.All|x86.Build.0 = Release|x86
		{33031655-3CC8-411D-8093-72FF97DDDDF8}.Debug|Any CPU.ActiveCfg = Debug|Any CPU
		{33031655-3CC8-411D-8093-72FF97DDDDF8}.Debug|Any CPU.Build.0 = Debug|Any CPU
		{33031655-3CC8-411D-8093-72FF97DDDDF8}.Debug|x64.ActiveCfg = Debug|x64
		{33031655-3CC8-411D-8093-72FF97DDDDF8}.Debug|x64.Build.0 = Debug|x64
		{33031655-3CC8-411D-8093-72FF97DDDDF8}.Debug|x86.ActiveCfg = Debug|x86
		{33031655-3CC8-411D-8093-72FF97DDDDF8}.Debug|x86.Build.0 = Debug|x86
		{33031655-3CC8-411D-8093-72FF97DDDDF8}.Release|Any CPU.ActiveCfg = Release|Any CPU
		{33031655-3CC8-411D-8093-72FF97DDDDF8}.Release|Any CPU.Build.0 = Release|Any CPU
		{33031655-3CC8-411D-8093-72FF97DDDDF8}.Release|x64.ActiveCfg = Release|x64
		{33031655-3CC8-411D-8093-72FF97DDDDF8}.Release|x64.Build.0 = Release|x64
		{33031655-3CC8-411D-8093-72FF97DDDDF8}.Release|x86.ActiveCfg = Release|x86
		{33031655-3CC8-411D-8093-72FF97DDDDF8}.Release|x86.Build.0 = Release|x86
	EndGlobalSection
	GlobalSection(SolutionProperties) = preSolution
		HideSolutionNode = FALSE
	EndGlobalSection
	GlobalSection(NestedProjects) = preSolution
		{329A7DFC-8F6D-4F0C-923D-C4EC7DF78247} = {BA91D6A0-1B8A-40A8-8DED-28B4B8AA25B1}
		{3CC495F6-D015-4B2A-99BD-B6E25EBF3980} = {FB8115E9-E896-43F8-913C-97F54D8DA6A9}
		{486CC8D1-BAE3-4D12-B588-CE6807E4D76F} = {4F45F93E-A3FD-4930-A527-3BB1A1461FD0}
		{0B100553-F48F-4934-B17B-70526CFC8BD7} = {3CC495F6-D015-4B2A-99BD-B6E25EBF3980}
		{F062ED18-5F0D-489A-844F-BE7E0CFE6E64} = {3CC495F6-D015-4B2A-99BD-B6E25EBF3980}
		{52C929FC-D477-40AA-AE8D-223F6B8DDBA0} = {4F45F93E-A3FD-4930-A527-3BB1A1461FD0}
		{3054A5C3-1612-4800-945A-C6C3717D67FA} = {3CC495F6-D015-4B2A-99BD-B6E25EBF3980}
		{4989C862-3227-41FF-AB99-81133FEFB9A9} = {3CC495F6-D015-4B2A-99BD-B6E25EBF3980}
		{D34E6083-CD7F-4420-A94F-5A475393AB38} = {3CC495F6-D015-4B2A-99BD-B6E25EBF3980}
		{C30D510B-E800-4DDA-9F6F-F9F08986302F} = {3CC495F6-D015-4B2A-99BD-B6E25EBF3980}
		{16250EAA-4578-4DC6-BC53-5D554D5AFF64} = {3CC495F6-D015-4B2A-99BD-B6E25EBF3980}
		{EEA76103-B409-4BDF-935D-0A341AFB544D} = {3CC495F6-D015-4B2A-99BD-B6E25EBF3980}
		{33031655-3CC8-411D-8093-72FF97DDDDF8} = {3CC495F6-D015-4B2A-99BD-B6E25EBF3980}
	EndGlobalSection
	GlobalSection(ExtensibilityGlobals) = postSolution
		SolutionGuid = {C283C3EF-51B6-4536-A5FF-769A67E27838}
	EndGlobalSection
EndGlobal
